<Solution>
  <Folder Name="/Solution Items/">
    <File Path="Client.Dockerfile" />
    <File Path="docker-compose.yml" />
    <File Path="nginx.conf" />
    <File Path="Server.Dockerfile" />
  </Folder>
  <Project Path="KrishnaiWears.Client/KrishnaiWears.Client.csproj" />
  <Project Path="KrishnaiWears.Shared/KrishnaiWears.Shared.csproj" />
  <Project Path="KrishnaiWears/KrishnaiWears.csproj" />
</Solution>
